version=v0.5.2
commit=1780423703b0f4e7ffd40bb86e8e8f72c0a7bfca
darwin-amd64=9f1a205c0d06d841d91adc53ad29375135b2af81fa5e1282adb58c4f348bea26
darwin-arm64=447c78e1611414435627b528e80fea3905ed12a53decd9e18c4adc8b72779d0c
linux-amd64=415e19e1b32a5544ec2f01e8bcfe26aa6fbaebcf1c13c8a3c217d10fcf3a2f3f
linux-arm64=2d3e986fc341727f424916ea8b2b9d001714cf199faa872e81600f80e5765484
