version=v0.6.1
commit=b72e728c5bdf4604eec352ba514ed8455f4faae7
darwin-amd64=e3a7e4226ebdf86d31098d8340eb084691b8670290b4520939a639f0db231f3d
darwin-arm64=c02d1b6c1253e16257ea716562602fe7b715d2170f189d9e86a383b92b493d2a
linux-amd64=27b99ad6483247ce0b52ab563022e36912637951bba5386831cc2b6e57e36ba6
linux-arm64=26f46cd672b37470ae8ddcb6ac0d69a81b7e9266fc0ffb50eaf68ff969e7b1bc
