version=v0.8.0
commit=7db6cd5361868b76b9ee6011b439b223e95fa31e
darwin-amd64=e7192f043738283ff3b4e4908f3271cfb766b4bd1cb94af6bd7b42ecbfc45f9c
darwin-arm64=914f37c7255efe341c5d419611548113a521db07ecb3bdc363a521b01b6b9f9c
linux-amd64=9bca3c5bc3ca1d5b4d7db58cb1e6919af4e3c3e2905d093b6500efe32a2f02d6
linux-arm64=7581068858dbcbba2ff742bd96fae553ec44580aaab1c7205102346023eb534b
